
Microsoft Visual Studio Solution File, Format Version 12.00
# Visual Studio Version 17
VisualStudioVersion = 17.5.33530.505
MinimumVisualStudioVersion = 10.0.40219.1
Project("{9A19103F-16F7-4668-BE54-9A1E7A4F7556}") = "Traveller.API", "Traveller.API.csproj", "{FBC54322-D857-4C2F-B857-2A3F469D59EA}"
EndProject
Project("{FAE04EC0-301F-11D3-BF4B-00C04F79EFBC}") = "Traveller.API.UnitTests", "..\Traveller.API.UnitTests\Traveller.API.UnitTests.csproj", "{17DB6D04-EBAF-4D62-92E1-40157A708D61}"
EndProject
Global
	GlobalSection(SolutionConfigurationPlatforms) = preSolution
		Debug|Any CPU = Debug|Any CPU
		Release|Any CPU = Release|Any CPU
	EndGlobalSection
	GlobalSection(ProjectConfigurationPlatforms) = postSolution
		{FBC54322-D857-4C2F-B857-2A3F469D59EA}.Debug|Any CPU.ActiveCfg = Debug|Any CPU
		{FBC54322-D857-4C2F-B857-2A3F469D59EA}.Debug|Any CPU.Build.0 = Debug|Any CPU
		{FBC54322-D857-4C2F-B857-2A3F469D59EA}.Release|Any CPU.ActiveCfg = Release|Any CPU
		{FBC54322-D857-4C2F-B857-2A3F469D59EA}.Release|Any CPU.Build.0 = Release|Any CPU
		{17DB6D04-EBAF-4D62-92E1-40157A708D61}.Debug|Any CPU.ActiveCfg = Debug|Any CPU
		{17DB6D04-EBAF-4D62-92E1-40157A708D61}.Debug|Any CPU.Build.0 = Debug|Any CPU
		{17DB6D04-EBAF-4D62-92E1-40157A708D61}.Release|Any CPU.ActiveCfg = Release|Any CPU
		{17DB6D04-EBAF-4D62-92E1-40157A708D61}.Release|Any CPU.Build.0 = Release|Any CPU
	EndGlobalSection
	GlobalSection(SolutionProperties) = preSolution
		HideSolutionNode = FALSE
	EndGlobalSection
	GlobalSection(ExtensibilityGlobals) = postSolution
		SolutionGuid = {4B53FBC8-6F0D-4FE3-99C8-54A670B8EF94}
	EndGlobalSection
EndGlobal
